
Microsoft Visual Studio Solution File, Format Version 12.00
# Visual Studio Version 16
VisualStudioVersion = 16.0.33927.289
MinimumVisualStudioVersion = 10.0.40219.1
Project("{2150E333-8FDC-42A3-9474-1A3956D46DE8}") = "Task0", "Task0", "{D0E9618E-528F-42C4-B4DD-9FE2AF13CE52}"
EndProject
Project("{FAE04EC0-301F-11D3-BF4B-00C04F79EFBC}") = "Tyuiu.DanilovAS.Sprint1.Task0.V3", "Tyuiu.DanilovAS.Sprint1.Task0.V0\Tyuiu.DanilovAS.Sprint1.Task0.V3.csproj", "{4C362DC1-BE00-497A-9204-96BBD2D99833}"
EndProject
Project("{FAE04EC0-301F-11D3-BF4B-00C04F79EFBC}") = "Tyuiu.DanilovAS.Sprint1.Task0.V3.Lib", "Tyuiu.DanilovAS.Sprint1.Task0.V0.Lib\Tyuiu.DanilovAS.Sprint1.Task0.V3.Lib.csproj", "{B56E187D-95F8-4A19-AE09-79AE635415BD}"
EndProject
Project("{FAE04EC0-301F-11D3-BF4B-00C04F79EFBC}") = "Tyuiu.DanilovAS.Sprint1.Task0.V3.Test", "Tyuiu.DanilovAS.Sprint1.Task0.V0.Test\Tyuiu.DanilovAS.Sprint1.Task0.V3.Test.csproj", "{F0D22C3B-9082-467C-873D-12B9EB781227}"
EndProject
Project("{2150E333-8FDC-42A3-9474-1A3956D46DE8}") = "Task1", "Task1", "{3BEF2058-498B-408B-93CE-7D4889262A8B}"
EndProject
Project("{FAE04EC0-301F-11D3-BF4B-00C04F79EFBC}") = "Tyuiu.DanilovAS.Sprint1.Task1.V15", "Tyuiu.DanilovAS.Sprint1.Task1.V15\Tyuiu.DanilovAS.Sprint1.Task1.V15.csproj", "{4A5CB99B-C9E4-41B9-B446-D25429663DD3}"
EndProject
Project("{FAE04EC0-301F-11D3-BF4B-00C04F79EFBC}") = "Tyuiu.DanilovAS.Sprint1.Task1.V15.Lib", "Tyuiu.DanilovAS.Sprint1.Task1.V15.Lib\Tyuiu.DanilovAS.Sprint1.Task1.V15.Lib.csproj", "{AA987BDD-58C5-45A5-B097-DDD33B1CF243}"
EndProject
Project("{FAE04EC0-301F-11D3-BF4B-00C04F79EFBC}") = "Tyuiu.DanilovAS.Sprint1.Task1.V15.Test", "Tyuiu.DanilovAS.Sprint1.Task1.V15.Test\Tyuiu.DanilovAS.Sprint1.Task1.V15.Test.csproj", "{A8FBFF18-F443-4BBD-9308-98FA2911CC48}"
EndProject
Project("{2150E333-8FDC-42A3-9474-1A3956D46DE8}") = "Task2", "Task2", "{FA46C81A-406B-4EF9-B29C-605F43E2F95F}"
EndProject
Project("{FAE04EC0-301F-11D3-BF4B-00C04F79EFBC}") = "Tyuiu.DanilovAS.Sprint1.Task2.V13", "Tyuiu.DanilovAS.Sprint1.Task2.V13\Tyuiu.DanilovAS.Sprint1.Task2.V13.csproj", "{0AD8C6E2-6A1D-417C-A3F7-AD00EC9A176A}"
EndProject
Project("{FAE04EC0-301F-11D3-BF4B-00C04F79EFBC}") = "Tyuiu.DanilovAS.Sprint1.Task2.V13.Lib", "Tyuiu.DanilovAS.Sprint1.Task2.V13.Lib\Tyuiu.DanilovAS.Sprint1.Task2.V13.Lib.csproj", "{037DA8AA-BEFD-4A0E-A9F8-A6B0B916E94F}"
EndProject
Project("{FAE04EC0-301F-11D3-BF4B-00C04F79EFBC}") = "Tyuiu.DanilovAS.Sprint1.Task2.V13.Test", "Tyuiu.DanilovAS.Sprint1.Task2.V13.Test\Tyuiu.DanilovAS.Sprint1.Task2.V13.Test.csproj", "{A3554ECF-1F9A-4D59-A3B3-340239854D8C}"
EndProject
Project("{2150E333-8FDC-42A3-9474-1A3956D46DE8}") = "Task3", "Task3", "{6104321D-014C-4668-AC9F-07977D06511A}"
EndProject
Project("{FAE04EC0-301F-11D3-BF4B-00C04F79EFBC}") = "Tyuiu.DanilovAS.Sprint1.Task3.V8", "Tyuiu.DanilovAS.Sprint1.Task3.V8\Tyuiu.DanilovAS.Sprint1.Task3.V8.csproj", "{2D532454-347F-4BD0-9457-E418A655FDBE}"
EndProject
Project("{FAE04EC0-301F-11D3-BF4B-00C04F79EFBC}") = "Tyuiu.DanilovAS.Sprint1.Task3.V8.Lib", "Tyuiu.DanilovAS.Sprint1.Task3.V8.Lib\Tyuiu.DanilovAS.Sprint1.Task3.V8.Lib.csproj", "{E91438AF-DF07-4800-BBF4-7972D58AB6AF}"
EndProject
Project("{FAE04EC0-301F-11D3-BF4B-00C04F79EFBC}") = "Tyuiu.DanilovAS.Sprint1.Task3.V8.Test", "Tyuiu.DanilovAS.Sprint1.Task3.V8.Test\Tyuiu.DanilovAS.Sprint1.Task3.V8.Test.csproj", "{D84F086C-18BF-4E01-9A78-0F1CEE92BE95}"
EndProject
Global
	GlobalSection(SolutionConfigurationPlatforms) = preSolution
		Debug|Any CPU = Debug|Any CPU
		Release|Any CPU = Release|Any CPU
	EndGlobalSection
	GlobalSection(ProjectConfigurationPlatforms) = postSolution
		{4C362DC1-BE00-497A-9204-96BBD2D99833}.Debug|Any CPU.ActiveCfg = Debug|Any CPU
		{4C362DC1-BE00-497A-9204-96BBD2D99833}.Debug|Any CPU.Build.0 = Debug|Any CPU
		{4C362DC1-BE00-497A-9204-96BBD2D99833}.Release|Any CPU.ActiveCfg = Release|Any CPU
		{4C362DC1-BE00-497A-9204-96BBD2D99833}.Release|Any CPU.Build.0 = Release|Any CPU
		{B56E187D-95F8-4A19-AE09-79AE635415BD}.Debug|Any CPU.ActiveCfg = Debug|Any CPU
		{B56E187D-95F8-4A19-AE09-79AE635415BD}.Debug|Any CPU.Build.0 = Debug|Any CPU
		{B56E187D-95F8-4A19-AE09-79AE635415BD}.Release|Any CPU.ActiveCfg = Release|Any CPU
		{B56E187D-95F8-4A19-AE09-79AE635415BD}.Release|Any CPU.Build.0 = Release|Any CPU
		{F0D22C3B-9082-467C-873D-12B9EB781227}.Debug|Any CPU.ActiveCfg = Debug|Any CPU
		{F0D22C3B-9082-467C-873D-12B9EB781227}.Debug|Any CPU.Build.0 = Debug|Any CPU
		{F0D22C3B-9082-467C-873D-12B9EB781227}.Release|Any CPU.ActiveCfg = Release|Any CPU
		{F0D22C3B-9082-467C-873D-12B9EB781227}.Release|Any CPU.Build.0 = Release|Any CPU
		{4A5CB99B-C9E4-41B9-B446-D25429663DD3}.Debug|Any CPU.ActiveCfg = Debug|Any CPU
		{4A5CB99B-C9E4-41B9-B446-D25429663DD3}.Debug|Any CPU.Build.0 = Debug|Any CPU
		{4A5CB99B-C9E4-41B9-B446-D25429663DD3}.Release|Any CPU.ActiveCfg = Release|Any CPU
		{4A5CB99B-C9E4-41B9-B446-D25429663DD3}.Release|Any CPU.Build.0 = Release|Any CPU
		{AA987BDD-58C5-45A5-B097-DDD33B1CF243}.Debug|Any CPU.ActiveCfg = Debug|Any CPU
		{AA987BDD-58C5-45A5-B097-DDD33B1CF243}.Debug|Any CPU.Build.0 = Debug|Any CPU
		{AA987BDD-58C5-45A5-B097-DDD33B1CF243}.Release|Any CPU.ActiveCfg = Release|Any CPU
		{AA987BDD-58C5-45A5-B097-DDD33B1CF243}.Release|Any CPU.Build.0 = Release|Any CPU
		{A8FBFF18-F443-4BBD-9308-98FA2911CC48}.Debug|Any CPU.ActiveCfg = Debug|Any CPU
		{A8FBFF18-F443-4BBD-9308-98FA2911CC48}.Debug|Any CPU.Build.0 = Debug|Any CPU
		{A8FBFF18-F443-4BBD-9308-98FA2911CC48}.Release|Any CPU.ActiveCfg = Release|Any CPU
		{A8FBFF18-F443-4BBD-9308-98FA2911CC48}.Release|Any CPU.Build.0 = Release|Any CPU
		{0AD8C6E2-6A1D-417C-A3F7-AD00EC9A176A}.Debug|Any CPU.ActiveCfg = Debug|Any CPU
		{0AD8C6E2-6A1D-417C-A3F7-AD00EC9A176A}.Debug|Any CPU.Build.0 = Debug|Any CPU
		{0AD8C6E2-6A1D-417C-A3F7-AD00EC9A176A}.Release|Any CPU.ActiveCfg = Release|Any CPU
		{0AD8C6E2-6A1D-417C-A3F7-AD00EC9A176A}.Release|Any CPU.Build.0 = Release|Any CPU
		{037DA8AA-BEFD-4A0E-A9F8-A6B0B916E94F}.Debug|Any CPU.ActiveCfg = Debug|Any CPU
		{037DA8AA-BEFD-4A0E-A9F8-A6B0B916E94F}.Debug|Any CPU.Build.0 = Debug|Any CPU
		{037DA8AA-BEFD-4A0E-A9F8-A6B0B916E94F}.Release|Any CPU.ActiveCfg = Release|Any CPU
		{037DA8AA-BEFD-4A0E-A9F8-A6B0B916E94F}.Release|Any CPU.Build.0 = Release|Any CPU
		{A3554ECF-1F9A-4D59-A3B3-340239854D8C}.Debug|Any CPU.ActiveCfg = Debug|Any CPU
		{A3554ECF-1F9A-4D59-A3B3-340239854D8C}.Debug|Any CPU.Build.0 = Debug|Any CPU
		{A3554ECF-1F9A-4D59-A3B3-340239854D8C}.Release|Any CPU.ActiveCfg = Release|Any CPU
		{A3554ECF-1F9A-4D59-A3B3-340239854D8C}.Release|Any CPU.Build.0 = Release|Any CPU
		{2D532454-347F-4BD0-9457-E418A655FDBE}.Debug|Any CPU.ActiveCfg = Debug|Any CPU
		{2D532454-347F-4BD0-9457-E418A655FDBE}.Debug|Any CPU.Build.0 = Debug|Any CPU
		{2D532454-347F-4BD0-9457-E418A655FDBE}.Release|Any CPU.ActiveCfg = Release|Any CPU
		{2D532454-347F-4BD0-9457-E418A655FDBE}.Release|Any CPU.Build.0 = Release|Any CPU
		{E91438AF-DF07-4800-BBF4-7972D58AB6AF}.Debug|Any CPU.ActiveCfg = Debug|Any CPU
		{E91438AF-DF07-4800-BBF4-7972D58AB6AF}.Debug|Any CPU.Build.0 = Debug|Any CPU
		{E91438AF-DF07-4800-BBF4-7972D58AB6AF}.Release|Any CPU.ActiveCfg = Release|Any CPU
		{E91438AF-DF07-4800-BBF4-7972D58AB6AF}.Release|Any CPU.Build.0 = Release|Any CPU
		{D84F086C-18BF-4E01-9A78-0F1CEE92BE95}.Debug|Any CPU.ActiveCfg = Debug|Any CPU
		{D84F086C-18BF-4E01-9A78-0F1CEE92BE95}.Debug|Any CPU.Build.0 = Debug|Any CPU
		{D84F086C-18BF-4E01-9A78-0F1CEE92BE95}.Release|Any CPU.ActiveCfg = Release|Any CPU
		{D84F086C-18BF-4E01-9A78-0F1CEE92BE95}.Release|Any CPU.Build.0 = Release|Any CPU
	EndGlobalSection
	GlobalSection(SolutionProperties) = preSolution
		HideSolutionNode = FALSE
	EndGlobalSection
	GlobalSection(NestedProjects) = preSolution
		{4C362DC1-BE00-497A-9204-96BBD2D99833} = {D0E9618E-528F-42C4-B4DD-9FE2AF13CE52}
		{B56E187D-95F8-4A19-AE09-79AE635415BD} = {D0E9618E-528F-42C4-B4DD-9FE2AF13CE52}
		{F0D22C3B-9082-467C-873D-12B9EB781227} = {D0E9618E-528F-42C4-B4DD-9FE2AF13CE52}
		{4A5CB99B-C9E4-41B9-B446-D25429663DD3} = {3BEF2058-498B-408B-93CE-7D4889262A8B}
		{AA987BDD-58C5-45A5-B097-DDD33B1CF243} = {3BEF2058-498B-408B-93CE-7D4889262A8B}
		{A8FBFF18-F443-4BBD-9308-98FA2911CC48} = {3BEF2058-498B-408B-93CE-7D4889262A8B}
		{0AD8C6E2-6A1D-417C-A3F7-AD00EC9A176A} = {FA46C81A-406B-4EF9-B29C-605F43E2F95F}
		{037DA8AA-BEFD-4A0E-A9F8-A6B0B916E94F} = {FA46C81A-406B-4EF9-B29C-605F43E2F95F}
		{A3554ECF-1F9A-4D59-A3B3-340239854D8C} = {FA46C81A-406B-4EF9-B29C-605F43E2F95F}
		{2D532454-347F-4BD0-9457-E418A655FDBE} = {6104321D-014C-4668-AC9F-07977D06511A}
		{E91438AF-DF07-4800-BBF4-7972D58AB6AF} = {6104321D-014C-4668-AC9F-07977D06511A}
		{D84F086C-18BF-4E01-9A78-0F1CEE92BE95} = {6104321D-014C-4668-AC9F-07977D06511A}
	EndGlobalSection
	GlobalSection(ExtensibilityGlobals) = postSolution
		SolutionGuid = {785328F6-2F49-46AF-A66B-7570212DFCCD}
	EndGlobalSection
EndGlobal
